
Microsoft Visual Studio Solution File, Format Version 12.00
# Visual Studio Version 17
VisualStudioVersion = 17.4.33110.190
MinimumVisualStudioVersion = 10.0.40219.1
Project("{9A19103F-16F7-4668-BE54-9A1E7A4F7556}") = "BilleteraGrupoHWebApi", "BilleteraGrupoHWebApi\BilleteraGrupoHWebApi.csproj", "{FCA3621E-A59B-46E3-8B0F-3B305639C7B4}"
EndProject
Project("{FAE04EC0-301F-11D3-BF4B-00C04F79EFBC}") = "Negocio", "Negocio\Negocio.csproj", "{613DF92A-D164-4AC1-AB53-7F9EC6AF9DD5}"
EndProject
Project("{FAE04EC0-301F-11D3-BF4B-00C04F79EFBC}") = "Entities", "Entities\Entities.csproj", "{65DB7B53-28D0-450D-B77A-0490D57100EF}"
EndProject
Global
	GlobalSection(SolutionConfigurationPlatforms) = preSolution
		Debug|Any CPU = Debug|Any CPU
		Release|Any CPU = Release|Any CPU
	EndGlobalSection
	GlobalSection(ProjectConfigurationPlatforms) = postSolution
		{FCA3621E-A59B-46E3-8B0F-3B305639C7B4}.Debug|Any CPU.ActiveCfg = Debug|Any CPU
		{FCA3621E-A59B-46E3-8B0F-3B305639C7B4}.Debug|Any CPU.Build.0 = Debug|Any CPU
		{FCA3621E-A59B-46E3-8B0F-3B305639C7B4}.Release|Any CPU.ActiveCfg = Release|Any CPU
		{FCA3621E-A59B-46E3-8B0F-3B305639C7B4}.Release|Any CPU.Build.0 = Release|Any CPU
		{613DF92A-D164-4AC1-AB53-7F9EC6AF9DD5}.Debug|Any CPU.ActiveCfg = Debug|Any CPU
		{613DF92A-D164-4AC1-AB53-7F9EC6AF9DD5}.Debug|Any CPU.Build.0 = Debug|Any CPU
		{613DF92A-D164-4AC1-AB53-7F9EC6AF9DD5}.Release|Any CPU.ActiveCfg = Release|Any CPU
		{613DF92A-D164-4AC1-AB53-7F9EC6AF9DD5}.Release|Any CPU.Build.0 = Release|Any CPU
		{65DB7B53-28D0-450D-B77A-0490D57100EF}.Debug|Any CPU.ActiveCfg = Debug|Any CPU
		{65DB7B53-28D0-450D-B77A-0490D57100EF}.Debug|Any CPU.Build.0 = Debug|Any CPU
		{65DB7B53-28D0-450D-B77A-0490D57100EF}.Release|Any CPU.ActiveCfg = Release|Any CPU
		{65DB7B53-28D0-450D-B77A-0490D57100EF}.Release|Any CPU.Build.0 = Release|Any CPU
	EndGlobalSection
	GlobalSection(SolutionProperties) = preSolution
		HideSolutionNode = FALSE
	EndGlobalSection
	GlobalSection(ExtensibilityGlobals) = postSolution
		SolutionGuid = {AD658C58-1BF2-4548-AB88-07321E1342D3}
	EndGlobalSection
EndGlobal
