
Microsoft Visual Studio Solution File, Format Version 12.00
# Visual Studio Version 17
VisualStudioVersion = 17.2.32616.157
MinimumVisualStudioVersion = 10.0.40219.1
Project("{FAE04EC0-301F-11D3-BF4B-00C04F79EFBC}") = "Api Billetera", "Api Billetera.csproj", "{9E468487-05F2-46C7-A75A-B6A2382848B9}"
EndProject
Project("{FAE04EC0-301F-11D3-BF4B-00C04F79EFBC}") = "Entities", "..\Entities\Entities.csproj", "{6497759B-F938-4520-8601-19821818A877}"
EndProject
Project("{FAE04EC0-301F-11D3-BF4B-00C04F79EFBC}") = "Negocio", "..\Negocio\Negocio.csproj", "{719A59B3-D5AE-4D37-9B7D-688D092CA7CC}"
EndProject
Global
	GlobalSection(SolutionConfigurationPlatforms) = preSolution
		Debug|Any CPU = Debug|Any CPU
		Release|Any CPU = Release|Any CPU
	EndGlobalSection
	GlobalSection(ProjectConfigurationPlatforms) = postSolution
		{9E468487-05F2-46C7-A75A-B6A2382848B9}.Debug|Any CPU.ActiveCfg = Debug|Any CPU
		{9E468487-05F2-46C7-A75A-B6A2382848B9}.Debug|Any CPU.Build.0 = Debug|Any CPU
		{9E468487-05F2-46C7-A75A-B6A2382848B9}.Release|Any CPU.ActiveCfg = Release|Any CPU
		{9E468487-05F2-46C7-A75A-B6A2382848B9}.Release|Any CPU.Build.0 = Release|Any CPU
		{6497759B-F938-4520-8601-19821818A877}.Debug|Any CPU.ActiveCfg = Debug|Any CPU
		{6497759B-F938-4520-8601-19821818A877}.Debug|Any CPU.Build.0 = Debug|Any CPU
		{6497759B-F938-4520-8601-19821818A877}.Release|Any CPU.ActiveCfg = Release|Any CPU
		{6497759B-F938-4520-8601-19821818A877}.Release|Any CPU.Build.0 = Release|Any CPU
		{719A59B3-D5AE-4D37-9B7D-688D092CA7CC}.Debug|Any CPU.ActiveCfg = Debug|Any CPU
		{719A59B3-D5AE-4D37-9B7D-688D092CA7CC}.Debug|Any CPU.Build.0 = Debug|Any CPU
		{719A59B3-D5AE-4D37-9B7D-688D092CA7CC}.Release|Any CPU.ActiveCfg = Release|Any CPU
		{719A59B3-D5AE-4D37-9B7D-688D092CA7CC}.Release|Any CPU.Build.0 = Release|Any CPU
	EndGlobalSection
	GlobalSection(SolutionProperties) = preSolution
		HideSolutionNode = FALSE
	EndGlobalSection
	GlobalSection(ExtensibilityGlobals) = postSolution
		SolutionGuid = {080BC320-2D06-42C8-A55A-C31154B63F1E}
	EndGlobalSection
EndGlobal
